#MicroXplorer Configuration settings - do not modify
Mcu.Family=STM32F4
PD7.Mode=NorPsramChipSelect1_1
ProjectManager.MainLocation=Core/Src
PB13.GPIOParameters=GPIO_Label
USB_DEVICE.CLASS_NAME_FS=CDC
PH0-OSC_IN.Signal=RCC_OSC_IN
SPI2.VirtualNSS=VM_NSSHARD
RCC.CortexFreq_Value=84000000
ProjectManager.KeepUserCode=true
Mcu.UserName=STM32F407VETx
SPI1.VirtualType=VM_MASTER
SPI2.VirtualType=VM_MASTER
RCC.PLLCLKFreq_Value=168000000
PC10.Signal=SDIO_D2
PC12.Signal=SDIO_CK
PB14.GPIO_Label=T_MISO
RCC.PLLQCLKFreq_Value=48000000
PC5.Locked=true
ProjectManager.functionlistsort=1-MX_GPIO_Init-GPIO-false-HAL-true,2-SystemClock_Config-RCC-false-HAL-false,3-MX_FSMC_Init-FSMC-false-HAL-true,4-MX_SDIO_SD_Init-SDIO-false-HAL-true,5-MX_SPI1_Init-SPI1-false-HAL-true,6-MX_SPI2_Init-SPI2-false-HAL-true,7-MX_USART1_UART_Init-USART1-false-HAL-true,8-MX_USB_DEVICE_Init-USB_DEVICE-false-HAL-false
PA9.GPIOParameters=GPIO_Label
PA11.Mode=Device_Only
RCC.RTCFreq_Value=32768
PB0.GPIO_Label=FL_CS
PA6.GPIO_Label=LED_2
PB6.GPIO_Label=NRF_CE
USB_DEVICE.VirtualMode-CDC_FS=Cdc
USART1.IPParameters=VirtualMode
PB13.GPIO_Label=T_SCK
PB13.Signal=SPI2_SCK
PB15.Signal=SPI2_MOSI
PD9.Mode=16b-d1
PinOutPanel.RotationAngle=0
RCC.SYSCLKSource=RCC_SYSCLKSOURCE_PLLCLK
ProjectManager.StackSize=0x400
PB5.GPIOParameters=GPIO_Label
VP_FREERTOS_VS_CMSIS_V2.Mode=CMSIS_V2
PD13.Signal=FSMC_A18
Mcu.IP4=SDIO
RCC.FCLKCortexFreq_Value=84000000
Mcu.IP5=SPI1
Mcu.IP2=NVIC
NVIC.SVCall_IRQn=true\:0\:0\:false\:false\:false\:false\:false\:false
Mcu.IP3=RCC
PB4.GPIOParameters=GPIO_Label
Mcu.IP0=FREERTOS
FREERTOS.configENABLE_FPU=1
Mcu.IP1=FSMC
PA12.Signal=USB_OTG_FS_DP
PE4.GPIOParameters=GPIO_Label
Mcu.UserConstants=
PE11.Mode=16b-d1
RCC.RCC_RTC_Clock_Source=RCC_RTCCLKSOURCE_LSE
Mcu.ThirdPartyNb=0
SPI1.Direction=SPI_DIRECTION_2LINES
RCC.HCLKFreq_Value=84000000
Mcu.IPNb=11
RCC.I2SClocksFreq_Value=192000000
ProjectManager.PreviousToolchain=STM32CubeIDE
PD4.Signal=FSMC_NOE
RCC.APB2TimFreq_Value=84000000
PB6.Signal=GPIO_Output
RCC.VcooutputI2S=192000000
SPI1.CalculateBaudRate=42.0 MBits/s
PD10.Mode=16b-d1
Mcu.Pin6=PA0-WKUP
PD0.Signal=FSMC_D2
Mcu.Pin7=PA6
PD8.Signal=FSMC_D13
Mcu.Pin8=PA7
Mcu.Pin9=PC5
FREERTOS.IPParameters=Tasks01,FootprintOK,configENABLE_FPU,configUSE_NEWLIB_REENTRANT
RCC.AHBFreq_Value=84000000
SPI2.BaudRatePrescaler=SPI_BAUDRATEPRESCALER_2
PH0-OSC_IN.Mode=HSE-External-Oscillator
PB13.Locked=true
Mcu.Pin0=PE3
PD5.Mode=Lcd1
Mcu.Pin1=PE4
Mcu.Pin2=PC14-OSC32_IN
Mcu.Pin3=PC15-OSC32_OUT
PA0-WKUP.GPIOParameters=GPIO_Label
Mcu.Pin4=PH0-OSC_IN
Mcu.Pin5=PH1-OSC_OUT
ProjectManager.ProjectBuild=false
RCC.HSE_VALUE=8000000
NVIC.UsageFault_IRQn=true\:0\:0\:false\:false\:true\:false\:false\:false
NVIC.DebugMonitor_IRQn=true\:0\:0\:false\:false\:true\:false\:false\:false
PB3.Mode=Full_Duplex_Master
Mcu.IP10=USB_OTG_FS
NVIC.SysTick_IRQn=true\:0\:0\:false\:false\:false\:false\:false\:false
PB12.GPIO_Label=T_CS
ProjectManager.FirmwarePackage=STM32Cube FW_F4 V1.25.1
MxDb.Version=DB.6.0.0
PB0.GPIOParameters=GPIO_Label
PB4.Mode=Full_Duplex_Master
PE13.Signal=FSMC_D10
ProjectManager.BackupPrevious=false
PC14-OSC32_IN.Mode=LSE-External-Oscillator
RCC.VCOInputFreq_Value=2000000
PE9.Signal=FSMC_D6
PA14.Mode=Serial_Wire
PD14.Mode=16b-d1
PB14.Mode=Full_Duplex_Master
VP_SYS_VS_tim1.Mode=TIM1
PB1.GPIO_Label=LCD_BL
PB5.Mode=Full_Duplex_Master
File.Version=6
PA10.GPIO_Label=ISP_COM_RX
PE4.GPIO_Label=KEY0
PC9.Mode=SD_4_bits_Wide_bus
SPI2.CalculateBaudRate=21.0 MBits/s
PE3.GPIOParameters=GPIO_Label
PB3.GPIOParameters=GPIO_Label
PE3.Locked=true
PB7.Signal=GPIO_Output
PB8.Locked=true
PE13.Mode=16b-d1
PB6.Locked=true
NVIC.PendSV_IRQn=true\:0\:0\:false\:false\:false\:false\:false\:false
PE4.Signal=GPIO_Input
PE10.Signal=FSMC_D7
PB6.GPIOParameters=GPIO_Label
ProjectManager.HalAssertFull=false
PB0.Locked=true
ProjectManager.ProjectName=STM32F4VET6_Base
USB_DEVICE.APP_RX_DATA_SIZE-CDC_FS=128
PH1-OSC_OUT.Mode=HSE-External-Oscillator
PD15.Mode=16b-d1
PB7.GPIO_Label=NRF_CS
RCC.MCO2PinFreq_Value=168000000
Mcu.Package=LQFP100
PB1.Signal=GPIO_Output
PA6.Signal=GPIO_Output
PB12.Mode=NSS_Signal_Hard_Output
FREERTOS.configUSE_NEWLIB_REENTRANT=0
PA7.Locked=true
NVIC.TimeBase=TIM1_UP_TIM10_IRQn
SPI2.Mode=SPI_MODE_MASTER
SH.GPXTI8.0=GPIO_EXTI8
NVIC.OTG_FS_IRQn=true\:0\:0\:false\:false\:true\:false\:false\:true
ProjectManager.ToolChainLocation=
RCC.LSI_VALUE=32000
SH.GPXTI5.ConfNb=1
SH.GPXTI8.ConfNb=1
NVIC.TimeBaseIP=TIM1
PA10.Signal=USART1_RX
FREERTOS.FootprintOK=true
USB_OTG_FS.VirtualMode=Device_Only
PE9.Mode=16b-d1
VP_USB_DEVICE_VS_USB_DEVICE_CDC_FS.Signal=USB_DEVICE_VS_USB_DEVICE_CDC_FS
PC11.Mode=SD_4_bits_Wide_bus
PB14.GPIOParameters=GPIO_Label
PB5.GPIO_Label=FL_NRF_MOSI
PD4.Mode=Lcd1
RCC.APB1TimFreq_Value=84000000
NVIC.BusFault_IRQn=true\:0\:0\:false\:false\:true\:false\:false\:false
SPI2.Direction=SPI_DIRECTION_2LINES
PC5.Signal=GPXTI5
USB_OTG_FS.IPParameters=VirtualMode
PB13.Mode=Full_Duplex_Master
PE7.Signal=FSMC_D4
SPI1.BaudRatePrescaler=SPI_BAUDRATEPRESCALER_2
PD15.Signal=FSMC_D1
ProjectManager.CustomerFirmwarePackage=
PB15.Locked=true
PB3.Locked=true
PB4.Signal=SPI1_MISO
PE12.Mode=16b-d1
PB3.GPIO_Label=FL_NRF_SCK
PA6.GPIOParameters=GPIO_Label
PC15-OSC32_OUT.Mode=LSE-External-Oscillator
SH.GPXTI5.0=GPIO_EXTI5
ProjectManager.ProjectFileName=STM32F4VET6_Base.ioc
FREERTOS.Tasks01=defaultTask,24,128,StartDefaultTask,As weak,NULL,Static,defaultTaskBuffer,defaultTaskControlBlock;myTask02,8,128,StartTask02,As weak,NULL,Static,myTask02Buffer,myTask02ControlBlock
PB8.GPIOParameters=GPIO_Label
PA10.Mode=Asynchronous
Mcu.PinsNb=57
ProjectManager.NoMain=false
SPI1.IPParameters=VirtualType,Mode,Direction,CalculateBaudRate,BaudRatePrescaler
USB_DEVICE.VirtualModeFS=Cdc_FS
NVIC.SavedSvcallIrqHandlerGenerated=true
PC11.Signal=SDIO_D3
PA9.GPIO_Label=ISP_COM_TX
PC8.Signal=SDIO_D0
PE10.Mode=16b-d1
PC10.Mode=SD_4_bits_Wide_bus
PD7.Signal=FSMC_NE1
PD1.Signal=FSMC_D3
ProjectManager.DefaultFWLocation=true
PD9.Signal=FSMC_D14
PD5.Signal=FSMC_NWE
PB12.Locked=true
ProjectManager.DeletePrevious=true
PB14.Locked=true
RCC.APB1CLKDivider=RCC_HCLK_DIV2
PC14-OSC32_IN.Signal=RCC_OSC32_IN
USB_DEVICE.IPParameters=VirtualMode-CDC_FS,VirtualModeFS,CLASS_NAME_FS,APP_RX_DATA_SIZE-CDC_FS,APP_TX_DATA_SIZE-CDC_FS
RCC.FamilyName=M
PA0-WKUP.GPIO_Label=KEY_UP
PA0-WKUP.Signal=SYS_WKUP
PE8.Mode=16b-d1
PA0-WKUP.Mode=SYS_WakeUp0
PD10.Signal=FSMC_D15
PA13.Signal=SYS_JTMS-SWDIO
PB8.GPIO_Label=NRF_IRQ
PA9.Mode=Asynchronous
ProjectManager.TargetToolchain=STM32CubeIDE
Mcu.Pin51=PB6
Mcu.Pin52=PB7
Mcu.Pin50=PB5
Mcu.Pin55=VP_SYS_VS_tim1
USB_DEVICE.APP_TX_DATA_SIZE-CDC_FS=128
PB7.GPIOParameters=GPIO_Label
Mcu.Pin56=VP_USB_DEVICE_VS_USB_DEVICE_CDC_FS
Mcu.Pin53=PB8
Mcu.Pin54=VP_FREERTOS_VS_CMSIS_V2
VP_USB_DEVICE_VS_USB_DEVICE_CDC_FS.Mode=CDC_FS
PC5.GPIOParameters=GPIO_Label
PA9.Signal=USART1_TX
PD13.Mode=A18_1
PE4.Locked=true
PB5.Locked=true
SPI2.IPParameters=VirtualType,Mode,Direction,CalculateBaudRate,VirtualNSS,BaudRatePrescaler
ProjectManager.RegisterCallBack=
PE11.Signal=FSMC_D8
PC15-OSC32_OUT.Signal=RCC_OSC32_OUT
PD8.Mode=16b-d1
Mcu.Pin48=PB3
Mcu.Pin49=PB4
PB1.Locked=true
Mcu.Pin46=PD5
Mcu.Pin47=PD7
RCC.VCOI2SOutputFreq_Value=384000000
PB14.Signal=SPI2_MISO
PD2.Mode=SD_4_bits_Wide_bus
Mcu.Pin40=PC11
Mcu.Pin41=PC12
PC12.Mode=SD_4_bits_Wide_bus
Mcu.Pin44=PD2
Mcu.Pin45=PD4
Mcu.Pin42=PD0
board=custom
Mcu.Pin43=PD1
RCC.VCOOutputFreq_Value=336000000
ProjectManager.LastFirmware=true
PB15.Mode=Full_Duplex_Master
PD1.Mode=16b-d1
NVIC.SavedSystickIrqHandlerGenerated=true
RCC.APB2Freq_Value=84000000
PE14.Signal=FSMC_D11
PE15.Signal=FSMC_D12
MxCube.Version=6.0.1
Mcu.Pin37=PA13
PB4.GPIO_Label=FL_NRF_MISO
Mcu.Pin38=PA14
PB15.GPIO_Label=T_MOSI
Mcu.Pin35=PA11
PE8.Signal=FSMC_D5
Mcu.Pin36=PA12
VP_SYS_VS_tim1.Signal=SYS_VS_tim1
SPI1.Mode=SPI_MODE_MASTER
Mcu.Pin39=PC10
PE14.Mode=16b-d1
Mcu.Pin30=PD15
PA10.GPIOParameters=GPIO_Label
RCC.EthernetFreq_Value=168000000
Mcu.Pin33=PA9
PH1-OSC_OUT.Signal=RCC_OSC_OUT
Mcu.Pin34=PA10
Mcu.Pin31=PC8
RCC.RCC_RTC_Clock_SourceVirtual=RCC_RTCCLKSOURCE_LSE
Mcu.Pin32=PC9
PA9.Locked=true
NVIC.NonMaskableInt_IRQn=true\:0\:0\:false\:false\:true\:false\:false\:false
RCC.AHBCLKDivider=RCC_SYSCLK_DIV2
PB15.GPIOParameters=GPIO_Label
PA13.Mode=Serial_Wire
ProjectManager.FreePins=false
RCC.IPParameters=48MHZClocksFreq_Value,AHBCLKDivider,AHBFreq_Value,APB1CLKDivider,APB1Freq_Value,APB1TimFreq_Value,APB2Freq_Value,APB2TimFreq_Value,CortexFreq_Value,EthernetFreq_Value,FCLKCortexFreq_Value,FamilyName,HCLKFreq_Value,HSE_VALUE,HSI_VALUE,I2SClocksFreq_Value,LSI_VALUE,MCO2PinFreq_Value,PLLCLKFreq_Value,PLLM,PLLN,PLLQ,PLLQCLKFreq_Value,RCC_RTC_Clock_Source,RCC_RTC_Clock_SourceVirtual,RTCFreq_Value,RTCHSEDivFreq_Value,SYSCLKFreq_VALUE,SYSCLKSource,VCOI2SOutputFreq_Value,VCOInputFreq_Value,VCOOutputFreq_Value,VcooutputI2S
ProjectManager.AskForMigrate=true
Mcu.Name=STM32F407V(E-G)Tx
PD0.Mode=16b-d1
PE12.Signal=FSMC_D9
Mcu.Pin26=PD9
Mcu.Pin27=PD10
NVIC.SavedPendsvIrqHandlerGenerated=true
RCC.RTCHSEDivFreq_Value=4000000
Mcu.Pin24=PB15
ProjectManager.UnderRoot=true
Mcu.Pin25=PD8
Mcu.IP8=USART1
VP_FREERTOS_VS_CMSIS_V2.Signal=FREERTOS_VS_CMSIS_V2
Mcu.IP9=USB_DEVICE
Mcu.Pin28=PD13
PD14.Signal=FSMC_D0
Mcu.IP6=SPI2
Mcu.Pin29=PD14
PC8.Mode=SD_4_bits_Wide_bus
Mcu.IP7=SYS
ProjectManager.CoupleFile=false
PB4.Locked=true
RCC.48MHZClocksFreq_Value=48000000
PB3.Signal=SPI1_SCK
RCC.SYSCLKFreq_VALUE=168000000
PE7.Mode=16b-d1
Mcu.Pin22=PB13
PB5.Signal=SPI1_MOSI
Mcu.Pin23=PB14
Mcu.Pin20=PE15
PA7.GPIO_Label=LED_3
Mcu.Pin21=PB12
PA12.Mode=Device_Only
PA10.Locked=true
NVIC.ForceEnableDMAVector=true
KeepUserPlacement=false
PC5.GPIO_Label=T_PEN
NVIC.MemoryManagement_IRQn=true\:0\:0\:false\:false\:true\:false\:false\:false
USART1.VirtualMode=VM_ASYNC
ProjectManager.CompilerOptimize=6
PA11.Signal=USB_OTG_FS_DM
PA14.Signal=SYS_JTCK-SWCLK
ProjectManager.HeapSize=0x200
Mcu.Pin15=PE10
NVIC.HardFault_IRQn=true\:0\:0\:false\:false\:true\:false\:false\:false
Mcu.Pin16=PE11
Mcu.Pin13=PE8
Mcu.Pin14=PE9
Mcu.Pin19=PE14
NVIC.TIM1_UP_TIM10_IRQn=true\:0\:0\:false\:false\:true\:false\:false\:true
ProjectManager.ComputerToolchain=false
Mcu.Pin17=PE12
RCC.HSI_VALUE=16000000
Mcu.Pin18=PE13
RCC.PLLQ=7
NVIC.PriorityGroup=NVIC_PRIORITYGROUP_4
Mcu.Pin11=PB1
Mcu.Pin12=PE7
RCC.PLLM=4
RCC.PLLN=168
Mcu.Pin10=PB0
PB7.Locked=true
PE3.Signal=GPIO_Input
PB8.Signal=GPXTI8
PE3.GPIO_Label=KEY1
PC9.Signal=SDIO_D1
PD2.Signal=SDIO_CMD
RCC.APB1Freq_Value=42000000
PB0.Signal=GPIO_Output
PA7.GPIOParameters=GPIO_Label
ProjectManager.DeviceId=STM32F407VETx
PB12.GPIOParameters=GPIO_Label
PB12.Signal=SPI2_NSS
ProjectManager.LibraryCopy=1
PE15.Mode=16b-d1
PB1.GPIOParameters=GPIO_Label
PA7.Signal=GPIO_Output
PA6.Locked=true
